// !$*UTF8*$!
{
	archiveVersion = 1;
	classes = {
	};
	objectVersion = 55;
	objects = {

/* Begin PBXBuildFile section */
		1E2671E32793FD5200EF162A /* WaterAppApp.swift in Sources */ = {isa = PBXBuildFile; fileRef = 1E2671E22793FD5200EF162A /* WaterAppApp.swift */; };
		1E2671E52793FD5200EF162A /* ContentView.swift in Sources */ = {isa = PBXBuildFile; fileRef = 1E2671E42793FD5200EF162A /* ContentView.swift */; };
		1E2671E72793FD5300EF162A /* Assets.xcassets in Resources */ = {isa = PBXBuildFile; fileRef = 1E2671E62793FD5300EF162A /* Assets.xcassets */; };
		1E2671EA2793FD5300EF162A /* Preview Assets.xcassets in Resources */ = {isa = PBXBuildFile; fileRef = 1E2671E92793FD5300EF162A /* Preview Assets.xcassets */; };
		1E2671F42793FD5300EF162A /* WaterAppTests.swift in Sources */ = {isa = PBXBuildFile; fileRef = 1E2671F32793FD5300EF162A /* WaterAppTests.swift */; };
		1E2671FE2793FD5300EF162A /* WaterAppUITests.swift in Sources */ = {isa = PBXBuildFile; fileRef = 1E2671FD2793FD5300EF162A /* WaterAppUITests.swift */; };
		1E2672002793FD5300EF162A /* WaterAppUITestsLaunchTests.swift in Sources */ = {isa = PBXBuildFile; fileRef = 1E2671FF2793FD5300EF162A /* WaterAppUITestsLaunchTests.swift */; };
/* End PBXBuildFile section */

/* Begin PBXContainerItemProxy section */
		1E2671F02793FD5300EF162A /* PBXContainerItemProxy */ = {
			isa = PBXContainerItemProxy;
			containerPortal = 1E2671D72793FD5200EF162A /* Project object */;
			proxyType = 1;
			remoteGlobalIDString = 1E2671DE2793FD5200EF162A;
			remoteInfo = WaterApp;
		};
		1E2671FA2793FD5300EF162A /* PBXContainerItemProxy */ = {
			isa = PBXContainerItemProxy;
			containerPortal = 1E2671D72793FD5200EF162A /* Project object */;
			proxyType = 1;
			remoteGlobalIDString = 1E2671DE2793FD5200EF162A;
			remoteInfo = WaterApp;
		};
/* End PBXContainerItemProxy section */

/* Begin PBXFileReference section */
		1E2671DF2793FD5200EF162A /* WaterApp.app */ = {isa = PBXFileReference; explicitFileType = wrapper.application; includeInIndex = 0; path = WaterApp.app; sourceTree = BUILT_PRODUCTS_DIR; };
		1E2671E22793FD5200EF162A /* WaterAppApp.swift */ = {isa = PBXFileReference; lastKnownFileType = sourcecode.swift; path = WaterAppApp.swift; sourceTree = "<group>"; };
		1E2671E42793FD5200EF162A /* ContentView.swift */ = {isa = PBXFileReference; lastKnownFileType = sourcecode.swift; path = ContentView.swift; sourceTree = "<group>"; };
		1E2671E62793FD5300EF162A /* Assets.xcassets */ = {isa = PBXFileReference; lastKnownFileType = folder.assetcatalog; path = Assets.xcassets; sourceTree = "<group>"; };
		1E2671E92793FD5300EF162A /* Preview Assets.xcassets */ = {isa = PBXFileReference; lastKnownFileType = folder.assetcatalog; path = "Preview Assets.xcassets"; sourceTree = "<group>"; };
		1E2671EF2793FD5300EF162A /* WaterAppTests.xctest */ = {isa = PBXFileReference; explicitFileType = wrapper.cfbundle; includeInIndex = 0; path = WaterAppTests.xctest; sourceTree = BUILT_PRODUCTS_DIR; };
		1E2671F32793FD5300EF162A /* WaterAppTests.swift */ = {isa = PBXFileReference; lastKnownFileType = sourcecode.swift; path = WaterAppTests.swift; sourceTree = "<group>"; };
		1E2671F92793FD5300EF162A /* WaterAppUITests.xctest */ = {isa = PBXFileReference; explicitFileType = wrapper.cfbundle; includeInIndex = 0; path = WaterAppUITests.xctest; sourceTree = BUILT_PRODUCTS_DIR; };
		1E2671FD2793FD5300EF162A /* WaterAppUITests.swift */ = {isa = PBXFileReference; lastKnownFileType = sourcecode.swift; path = WaterAppUITests.swift; sourceTree = "<group>"; };
		1E2671FF2793FD5300EF162A /* WaterAppUITestsLaunchTests.swift */ = {isa = PBXFileReference; lastKnownFileType = sourcecode.swift; path = WaterAppUITestsLaunchTests.swift; sourceTree = "<group>"; };
/* End PBXFileReference section */

/* Begin PBXFrameworksBuildPhase section */
		1E2671DC2793FD5200EF162A /* Frameworks */ = {
			isa = PBXFrameworksBuildPhase;
			buildActionMask = 2147483647;
			files = (
			);
			runOnlyForDeploymentPostprocessing = 0;
		};
		1E2671EC2793FD5300EF162A /* Frameworks */ = {
			isa = PBXFrameworksBuildPhase;
			buildActionMask = 2147483647;
			files = (
			);
			runOnlyForDeploymentPostprocessing = 0;
		};
		1E2671F62793FD5300EF162A /* Frameworks */ = {
			isa = PBXFrameworksBuildPhase;
			buildActionMask = 2147483647;
			files = (
			);
			runOnlyForDeploymentPostprocessing = 0;
		};
/* End PBXFrameworksBuildPhase section */

/* Begin PBXGroup section */
		1E2671D62793FD5200EF162A = {
			isa = PBXGroup;
			children = (
				1E2671E12793FD5200EF162A /* WaterApp */,
				1E2671F22793FD5300EF162A /* WaterAppTests */,
				1E2671FC2793FD5300EF162A /* WaterAppUITests */,
				1E2671E02793FD5200EF162A /* Products */,
			);
			sourceTree = "<group>";
		};
		1E2671E02793FD5200EF162A /* Products */ = {
			isa = PBXGroup;
			children = (
				1E2671DF2793FD5200EF162A /* WaterApp.app */,
				1E2671EF2793FD5300EF162A /* WaterAppTests.xctest */,
				1E2671F92793FD5300EF162A /* WaterAppUITests.xctest */,
			);
			name = Products;
			sourceTree = "<group>";
		};
		1E2671E12793FD5200EF162A /* WaterApp */ = {
			isa = PBXGroup;
			children = (
				1E2671E22793FD5200EF162A /* WaterAppApp.swift */,
				1E2671E42793FD5200EF162A /* ContentView.swift */,
				1E2671E62793FD5300EF162A /* Assets.xcassets */,
				1E2671E82793FD5300EF162A /* Preview Content */,
			);
			path = WaterApp;
			sourceTree = "<group>";
		};
		1E2671E82793FD5300EF162A /* Preview Content */ = {
			isa = PBXGroup;
			children = (
				1E2671E92793FD5300EF162A /* Preview Assets.xcassets */,
			);
			path = "Preview Content";
			sourceTree = "<group>";
		};
		1E2671F22793FD5300EF162A /* WaterAppTests */ = {
			isa = PBXGroup;
			children = (
				1E2671F32793FD5300EF162A /* WaterAppTests.swift */,
			);
			path = WaterAppTests;
			sourceTree = "<group>";
		};
		1E2671FC2793FD5300EF162A /* WaterAppUITests */ = {
			isa = PBXGroup;
			children = (
				1E2671FD2793FD5300EF162A /* WaterAppUITests.swift */,
				1E2671FF2793FD5300EF162A /* WaterAppUITestsLaunchTests.swift */,
			);
			path = WaterAppUITests;
			sourceTree = "<group>";
		};
/* End PBXGroup section */

/* Begin PBXNativeTarget section */
		1E2671DE2793FD5200EF162A /* WaterApp */ = {
			isa = PBXNativeTarget;
			buildConfigurationList = 1E2672032793FD5300EF162A /* Build configuration list for PBXNativeTarget "WaterApp" */;
			buildPhases = (
				1E2671DB2793FD5200EF162A /* Sources */,
				1E2671DC2793FD5200EF162A /* Frameworks */,
				1E2671DD2793FD5200EF162A /* Resources */,
			);
			buildRules = (
			);
			dependencies = (
			);
			name = WaterApp;
			productName = WaterApp;
			productReference = 1E2671DF2793FD5200EF162A /* WaterApp.app */;
			productType = "com.apple.product-type.application";
		};
		1E2671EE2793FD5300EF162A /* WaterAppTests */ = {
			isa = PBXNativeTarget;
			buildConfigurationList = 1E2672062793FD5300EF162A /* Build configuration list for PBXNativeTarget "WaterAppTests" */;
			buildPhases = (
				1E2671EB2793FD5300EF162A /* Sources */,
				1E2671EC2793FD5300EF162A /* Frameworks */,
				1E2671ED2793FD5300EF162A /* Resources */,
			);
			buildRules = (
			);
			dependencies = (
				1E2671F12793FD5300EF162A /* PBXTargetDependency */,
			);
			name = WaterAppTests;
			productName = WaterAppTests;
			productReference = 1E2671EF2793FD5300EF162A /* WaterAppTests.xctest */;
			productType = "com.apple.product-type.bundle.unit-test";
		};
		1E2671F82793FD5300EF162A /* WaterAppUITests */ = {
			isa = PBXNativeTarget;
			buildConfigurationList = 1E2672092793FD5300EF162A /* Build configuration list for PBXNativeTarget "WaterAppUITests" */;
			buildPhases = (
				1E2671F52793FD5300EF162A /* Sources */,
				1E2671F62793FD5300EF162A /* Frameworks */,
				1E2671F72793FD5300EF162A /* Resources */,
			);
			buildRules = (
			);
			dependencies = (
				1E2671FB2793FD5300EF162A /* PBXTargetDependency */,
			);
			name = WaterAppUITests;
			productName = WaterAppUITests;
			productReference = 1E2671F92793FD5300EF162A /* WaterAppUITests.xctest */;
			productType = "com.apple.product-type.bundle.ui-testing";
		};
/* End PBXNativeTarget section */

/* Begin PBXProject section */
		1E2671D72793FD5200EF162A /* Project object */ = {
			isa = PBXProject;
			attributes = {
				BuildIndependentTargetsInParallel = 1;
				LastSwiftUpdateCheck = 1320;
				LastUpgradeCheck = 1320;
				TargetAttributes = {
					1E2671DE2793FD5200EF162A = {
						CreatedOnToolsVersion = 13.2.1;
					};
					1E2671EE2793FD5300EF162A = {
						CreatedOnToolsVersion = 13.2.1;
						TestTargetID = 1E2671DE2793FD5200EF162A;
					};
					1E2671F82793FD5300EF162A = {
						CreatedOnToolsVersion = 13.2.1;
						TestTargetID = 1E2671DE2793FD5200EF162A;
					};
				};
			};
			buildConfigurationList = 1E2671DA2793FD5200EF162A /* Build configuration list for PBXProject "WaterApp" */;
			compatibilityVersion = "Xcode 13.0";
			developmentRegion = en;
			hasScannedForEncodings = 0;
			knownRegions = (
				en,
				Base,
			);
			mainGroup = 1E2671D62793FD5200EF162A;
			productRefGroup = 1E2671E02793FD5200EF162A /* Products */;
			projectDirPath = "";
			projectRoot = "";
			targets = (
				1E2671DE2793FD5200EF162A /* WaterApp */,
				1E2671EE2793FD5300EF162A /* WaterAppTests */,
				1E2671F82793FD5300EF162A /* WaterAppUITests */,
			);
		};
/* End PBXProject section */

/* Begin PBXResourcesBuildPhase section */
		1E2671DD2793FD5200EF162A /* Resources */ = {
			isa = PBXResourcesBuildPhase;
			buildActionMask = 2147483647;
			files = (
				1E2671EA2793FD5300EF162A /* Preview Assets.xcassets in Resources */,
				1E2671E72793FD5300EF162A /* Assets.xcassets in Resources */,
			);
			runOnlyForDeploymentPostprocessing = 0;
		};
		1E2671ED2793FD5300EF162A /* Resources */ = {
			isa = PBXResourcesBuildPhase;
			buildActionMask = 2147483647;
			files = (
			);
			runOnlyForDeploymentPostprocessing = 0;
		};
		1E2671F72793FD5300EF162A /* Resources */ = {
			isa = PBXResourcesBuildPhase;
			buildActionMask = 2147483647;
			files = (
			);
			runOnlyForDeploymentPostprocessing = 0;
		};
/* End PBXResourcesBuildPhase section */

/* Begin PBXSourcesBuildPhase section */
		1E2671DB2793FD5200EF162A /* Sources */ = {
			isa = PBXSourcesBuildPhase;
			buildActionMask = 2147483647;
			files = (
				1E2671E52793FD5200EF162A /* ContentView.swift in Sources */,
				1E2671E32793FD5200EF162A /* WaterAppApp.swift in Sources */,
			);
			runOnlyForDeploymentPostprocessing = 0;
		};
		1E2671EB2793FD5300EF162A /* Sources */ = {
			isa = PBXSourcesBuildPhase;
			buildActionMask = 2147483647;
			files = (
				1E2671F42793FD5300EF162A /* WaterAppTests.swift in Sources */,
			);
			runOnlyForDeploymentPostprocessing = 0;
		};
		1E2671F52793FD5300EF162A /* Sources */ = {
			isa = PBXSourcesBuildPhase;
			buildActionMask = 2147483647;
			files = (
				1E2672002793FD5300EF162A /* WaterAppUITestsLaunchTests.swift in Sources */,
				1E2671FE2793FD5300EF162A /* WaterAppUITests.swift in Sources */,
			);
			runOnlyForDeploymentPostprocessing = 0;
		};
/* End PBXSourcesBuildPhase section */

/* Begin PBXTargetDependency section */
		1E2671F12793FD5300EF162A /* PBXTargetDependency */ = {
			isa = PBXTargetDependency;
			target = 1E2671DE2793FD5200EF162A /* WaterApp */;
			targetProxy = 1E2671F02793FD5300EF162A /* PBXContainerItemProxy */;
		};
		1E2671FB2793FD5300EF162A /* PBXTargetDependency */ = {
			isa = PBXTargetDependency;
			target = 1E2671DE2793FD5200EF162A /* WaterApp */;
			targetProxy = 1E2671FA2793FD5300EF162A /* PBXContainerItemProxy */;
		};
/* End PBXTargetDependency section */

/* Begin XCBuildConfiguration section */
		1E2672012793FD5300EF162A /* Debug */ = {
			isa = XCBuildConfiguration;
			buildSettings = {
				ALWAYS_SEARCH_USER_PATHS = NO;
				CLANG_ANALYZER_NONNULL = YES;
				CLANG_ANALYZER_NUMBER_OBJECT_CONVERSION = YES_AGGRESSIVE;
				CLANG_CXX_LANGUAGE_STANDARD = "gnu++17";
				CLANG_CXX_LIBRARY = "libc++";
				CLANG_ENABLE_MODULES = YES;
				CLANG_ENABLE_OBJC_ARC = YES;
				CLANG_ENABLE_OBJC_WEAK = YES;
				CLANG_WARN_BLOCK_CAPTURE_AUTORELEASING = YES;
				CLANG_WARN_BOOL_CONVERSION = YES;
				CLANG_WARN_COMMA = YES;
				CLANG_WARN_CONSTANT_CONVERSION = YES;
				CLANG_WARN_DEPRECATED_OBJC_IMPLEMENTATIONS = YES;
				CLANG_WARN_DIRECT_OBJC_ISA_USAGE = YES_ERROR;
				CLANG_WARN_DOCUMENTATION_COMMENTS = YES;
				CLANG_WARN_EMPTY_BODY = YES;
				CLANG_WARN_ENUM_CONVERSION = YES;
				CLANG_WARN_INFINITE_RECURSION = YES;
				CLANG_WARN_INT_CONVERSION = YES;
				CLANG_WARN_NON_LITERAL_NULL_CONVERSION = YES;
				CLANG_WARN_OBJC_IMPLICIT_RETAIN_SELF = YES;
				CLANG_WARN_OBJC_LITERAL_CONVERSION = YES;
				CLANG_WARN_OBJC_ROOT_CLASS = YES_ERROR;
				CLANG_WARN_QUOTED_INCLUDE_IN_FRAMEWORK_HEADER = YES;
				CLANG_WARN_RANGE_LOOP_ANALYSIS = YES;
				CLANG_WARN_STRICT_PROTOTYPES = YES;
				CLANG_WARN_SUSPICIOUS_MOVE = YES;
				CLANG_WARN_UNGUARDED_AVAILABILITY = YES_AGGRESSIVE;
				CLANG_WARN_UNREACHABLE_CODE = YES;
				CLANG_WARN__DUPLICATE_METHOD_MATCH = YES;
				COPY_PHASE_STRIP = NO;
				DEBUG_INFORMATION_FORMAT = dwarf;
				ENABLE_STRICT_OBJC_MSGSEND = YES;
				ENABLE_TESTABILITY = YES;
				GCC_C_LANGUAGE_STANDARD = gnu11;
				GCC_DYNAMIC_NO_PIC = NO;
				GCC_NO_COMMON_BLOCKS = YES;
				GCC_OPTIMIZATION_LEVEL = 0;
				GCC_PREPROCESSOR_DEFINITIONS = (
					"DEBUG=1",
					"$(inherited)",
				);
				GCC_WARN_64_TO_32_BIT_CONVERSION = YES;
				GCC_WARN_ABOUT_RETURN_TYPE = YES_ERROR;
				GCC_WARN_UNDECLARED_SELECTOR = YES;
				GCC_WARN_UNINITIALIZED_AUTOS = YES_AGGRESSIVE;
				GCC_WARN_UNUSED_FUNCTION = YES;
				GCC_WARN_UNUSED_VARIABLE = YES;
				IPHONEOS_DEPLOYMENT_TARGET = 15.2;
				MTL_ENABLE_DEBUG_INFO = INCLUDE_SOURCE;
				MTL_FAST_MATH = YES;
				ONLY_ACTIVE_ARCH = YES;
				SDKROOT = iphoneos;
				SWIFT_ACTIVE_COMPILATION_CONDITIONS = DEBUG;
				SWIFT_OPTIMIZATION_LEVEL = "-Onone";
			};
			name = Debug;
		};
		1E2672022793FD5300EF162A /* Release */ = {
			isa = XCBuildConfiguration;
			buildSettings = {
				ALWAYS_SEARCH_USER_PATHS = NO;
				CLANG_ANALYZER_NONNULL = YES;
				CLANG_ANALYZER_NUMBER_OBJECT_CONVERSION = YES_AGGRESSIVE;
				CLANG_CXX_LANGUAGE_STANDARD = "gnu++17";
				CLANG_CXX_LIBRARY = "libc++";
				CLANG_ENABLE_MODULES = YES;
				CLANG_ENABLE_OBJC_ARC = YES;
				CLANG_ENABLE_OBJC_WEAK = YES;
				CLANG_WARN_BLOCK_CAPTURE_AUTORELEASING = YES;
				CLANG_WARN_BOOL_CONVERSION = YES;
				CLANG_WARN_COMMA = YES;
				CLANG_WARN_CONSTANT_CONVERSION = YES;
				CLANG_WARN_DEPRECATED_OBJC_IMPLEMENTATIONS = YES;
				CLANG_WARN_DIRECT_OBJC_ISA_USAGE = YES_ERROR;
				CLANG_WARN_DOCUMENTATION_COMMENTS = YES;
				CLANG_WARN_EMPTY_BODY = YES;
				CLANG_WARN_ENUM_CONVERSION = YES;
				CLANG_WARN_INFINITE_RECURSION = YES;
				CLANG_WARN_INT_CONVERSION = YES;
				CLANG_WARN_NON_LITERAL_NULL_CONVERSION = YES;
				CLANG_WARN_OBJC_IMPLICIT_RETAIN_SELF = YES;
				CLANG_WARN_OBJC_LITERAL_CONVERSION = YES;
				CLANG_WARN_OBJC_ROOT_CLASS = YES_ERROR;
				CLANG_WARN_QUOTED_INCLUDE_IN_FRAMEWORK_HEADER = YES;
				CLANG_WARN_RANGE_LOOP_ANALYSIS = YES;
				CLANG_WARN_STRICT_PROTOTYPES = YES;
				CLANG_WARN_SUSPICIOUS_MOVE = YES;
				CLANG_WARN_UNGUARDED_AVAILABILITY = YES_AGGRESSIVE;
				CLANG_WARN_UNREACHABLE_CODE = YES;
				CLANG_WARN__DUPLICATE_METHOD_MATCH = YES;
				COPY_PHASE_STRIP = NO;
				DEBUG_INFORMATION_FORMAT = "dwarf-with-dsym";
				ENABLE_NS_ASSERTIONS = NO;
				ENABLE_STRICT_OBJC_MSGSEND = YES;
				GCC_C_LANGUAGE_STANDARD = gnu11;
				GCC_NO_COMMON_BLOCKS = YES;
				GCC_WARN_64_TO_32_BIT_CONVERSION = YES;
				GCC_WARN_ABOUT_RETURN_TYPE = YES_ERROR;
				GCC_WARN_UNDECLARED_SELECTOR = YES;
				GCC_WARN_UNINITIALIZED_AUTOS = YES_AGGRESSIVE;
				GCC_WARN_UNUSED_FUNCTION = YES;
				GCC_WARN_UNUSED_VARIABLE = YES;
				IPHONEOS_DEPLOYMENT_TARGET = 15.2;
				MTL_ENABLE_DEBUG_INFO = NO;
				MTL_FAST_MATH = YES;
				SDKROOT = iphoneos;
				SWIFT_COMPILATION_MODE = wholemodule;
				SWIFT_OPTIMIZATION_LEVEL = "-O";
				VALIDATE_PRODUCT = YES;
			};
			name = Release;
		};
		1E2672042793FD5300EF162A /* Debug */ = {
			isa = XCBuildConfiguration;
			buildSettings = {
				ASSETCATALOG_COMPILER_APPICON_NAME = AppIcon;
				ASSETCATALOG_COMPILER_GLOBAL_ACCENT_COLOR_NAME = AccentColor;
				CODE_SIGN_STYLE = Automatic;
				CURRENT_PROJECT_VERSION = 1;
				DEVELOPMENT_ASSET_PATHS = "\"WaterApp/Preview Content\"";
				ENABLE_PREVIEWS = YES;
				GENERATE_INFOPLIST_FILE = YES;
				INFOPLIST_KEY_UIApplicationSceneManifest_Generation = YES;
				INFOPLIST_KEY_UIApplicationSupportsIndirectInputEvents = YES;
				INFOPLIST_KEY_UILaunchScreen_Generation = YES;
				INFOPLIST_KEY_UISupportedInterfaceOrientations_iPad = "UIInterfaceOrientationPortrait UIInterfaceOrientationPortraitUpsideDown UIInterfaceOrientationLandscapeLeft UIInterfaceOrientationLandscapeRight";
				INFOPLIST_KEY_UISupportedInterfaceOrientations_iPhone = "UIInterfaceOrientationPortrait UIInterfaceOrientationLandscapeLeft UIInterfaceOrientationLandscapeRight";
				LD_RUNPATH_SEARCH_PATHS = (
					"$(inherited)",
					"@executable_path/Frameworks",
				);
				MARKETING_VERSION = 1.0;
				PRODUCT_BUNDLE_IDENTIFIER = "----.WaterApp";
				PRODUCT_NAME = "$(TARGET_NAME)";
				SWIFT_EMIT_LOC_STRINGS = YES;
				SWIFT_VERSION = 5.0;
				TARGETED_DEVICE_FAMILY = "1,2";
			};
			name = Debug;
		};
		1E2672052793FD5300EF162A /* Release */ = {
			isa = XCBuildConfiguration;
			buildSettings = {
				ASSETCATALOG_COMPILER_APPICON_NAME = AppIcon;
				ASSETCATALOG_COMPILER_GLOBAL_ACCENT_COLOR_NAME = AccentColor;
				CODE_SIGN_STYLE = Automatic;
				CURRENT_PROJECT_VERSION = 1;
				DEVELOPMENT_ASSET_PATHS = "\"WaterApp/Preview Content\"";
				ENABLE_PREVIEWS = YES;
				GENERATE_INFOPLIST_FILE = YES;
				INFOPLIST_KEY_UIApplicationSceneManifest_Generation = YES;
				INFOPLIST_KEY_UIApplicationSupportsIndirectInputEvents = YES;
				INFOPLIST_KEY_UILaunchScreen_Generation = YES;
				INFOPLIST_KEY_UISupportedInterfaceOrientations_iPad = "UIInterfaceOrientationPortrait UIInterfaceOrientationPortraitUpsideDown UIInterfaceOrientationLandscapeLeft UIInterfaceOrientationLandscapeRight";
				INFOPLIST_KEY_UISupportedInterfaceOrientations_iPhone = "UIInterfaceOrientationPortrait UIInterfaceOrientationLandscapeLeft UIInterfaceOrientationLandscapeRight";
				LD_RUNPATH_SEARCH_PATHS = (
					"$(inherited)",
					"@executable_path/Frameworks",
				);
				MARKETING_VERSION = 1.0;
				PRODUCT_BUNDLE_IDENTIFIER = "----.WaterApp";
				PRODUCT_NAME = "$(TARGET_NAME)";
				SWIFT_EMIT_LOC_STRINGS = YES;
				SWIFT_VERSION = 5.0;
				TARGETED_DEVICE_FAMILY = "1,2";
			};
			name = Release;
		};
		1E2672072793FD5300EF162A /* Debug */ = {
			isa = XCBuildConfiguration;
			buildSettings = {
				ALWAYS_EMBED_SWIFT_STANDARD_LIBRARIES = YES;
				BUNDLE_LOADER = "$(TEST_HOST)";
				CODE_SIGN_STYLE = Automatic;
				CURRENT_PROJECT_VERSION = 1;
				GENERATE_INFOPLIST_FILE = YES;
				IPHONEOS_DEPLOYMENT_TARGET = 15.2;
				MARKETING_VERSION = 1.0;
				PRODUCT_BUNDLE_IDENTIFIER = "----.WaterAppTests";
				PRODUCT_NAME = "$(TARGET_NAME)";
				SWIFT_EMIT_LOC_STRINGS = NO;
				SWIFT_VERSION = 5.0;
				TARGETED_DEVICE_FAMILY = "1,2";
				TEST_HOST = "$(BUILT_PRODUCTS_DIR)/WaterApp.app/WaterApp";
			};
			name = Debug;
		};
		1E2672082793FD5300EF162A /* Release */ = {
			isa = XCBuildConfiguration;
			buildSettings = {
				ALWAYS_EMBED_SWIFT_STANDARD_LIBRARIES = YES;
				BUNDLE_LOADER = "$(TEST_HOST)";
				CODE_SIGN_STYLE = Automatic;
				CURRENT_PROJECT_VERSION = 1;
				GENERATE_INFOPLIST_FILE = YES;
				IPHONEOS_DEPLOYMENT_TARGET = 15.2;
				MARKETING_VERSION = 1.0;
				PRODUCT_BUNDLE_IDENTIFIER = "----.WaterAppTests";
				PRODUCT_NAME = "$(TARGET_NAME)";
				SWIFT_EMIT_LOC_STRINGS = NO;
				SWIFT_VERSION = 5.0;
				TARGETED_DEVICE_FAMILY = "1,2";
				TEST_HOST = "$(BUILT_PRODUCTS_DIR)/WaterApp.app/WaterApp";
			};
			name = Release;
		};
		1E26720A2793FD5300EF162A /* Debug */ = {
			isa = XCBuildConfiguration;
			buildSettings = {
				ALWAYS_EMBED_SWIFT_STANDARD_LIBRARIES = YES;
				CODE_SIGN_STYLE = Automatic;
				CURRENT_PROJECT_VERSION = 1;
				GENERATE_INFOPLIST_FILE = YES;
				MARKETING_VERSION = 1.0;
				PRODUCT_BUNDLE_IDENTIFIER = "----.WaterAppUITests";
				PRODUCT_NAME = "$(TARGET_NAME)";
				SWIFT_EMIT_LOC_STRINGS = NO;
				SWIFT_VERSION = 5.0;
				TARGETED_DEVICE_FAMILY = "1,2";
				TEST_TARGET_NAME = WaterApp;
			};
			name = Debug;
		};
		1E26720B2793FD5300EF162A /* Release */ = {
			isa = XCBuildConfiguration;
			buildSettings = {
				ALWAYS_EMBED_SWIFT_STANDARD_LIBRARIES = YES;
				CODE_SIGN_STYLE = Automatic;
				CURRENT_PROJECT_VERSION = 1;
				GENERATE_INFOPLIST_FILE = YES;
				MARKETING_VERSION = 1.0;
				PRODUCT_BUNDLE_IDENTIFIER = "----.WaterAppUITests";
				PRODUCT_NAME = "$(TARGET_NAME)";
				SWIFT_EMIT_LOC_STRINGS = NO;
				SWIFT_VERSION = 5.0;
				TARGETED_DEVICE_FAMILY = "1,2";
				TEST_TARGET_NAME = WaterApp;
			};
			name = Release;
		};
/* End XCBuildConfiguration section */

/* Begin XCConfigurationList section */
		1E2671DA2793FD5200EF162A /* Build configuration list for PBXProject "WaterApp" */ = {
			isa = XCConfigurationList;
			buildConfigurations = (
				1E2672012793FD5300EF162A /* Debug */,
				1E2672022793FD5300EF162A /* Release */,
			);
			defaultConfigurationIsVisible = 0;
			defaultConfigurationName = Release;
		};
		1E2672032793FD5300EF162A /* Build configuration list for PBXNativeTarget "WaterApp" */ = {
			isa = XCConfigurationList;
			buildConfigurations = (
				1E2672042793FD5300EF162A /* Debug */,
				1E2672052793FD5300EF162A /* Release */,
			);
			defaultConfigurationIsVisible = 0;
			defaultConfigurationName = Release;
		};
		1E2672062793FD5300EF162A /* Build configuration list for PBXNativeTarget "WaterAppTests" */ = {
			isa = XCConfigurationList;
			buildConfigurations = (
				1E2672072793FD5300EF162A /* Debug */,
				1E2672082793FD5300EF162A /* Release */,
			);
			defaultConfigurationIsVisible = 0;
			defaultConfigurationName = Release;
		};
		1E2672092793FD5300EF162A /* Build configuration list for PBXNativeTarget "WaterAppUITests" */ = {
			isa = XCConfigurationList;
			buildConfigurations = (
				1E26720A2793FD5300EF162A /* Debug */,
				1E26720B2793FD5300EF162A /* Release */,
			);
			defaultConfigurationIsVisible = 0;
			defaultConfigurationName = Release;
		};
/* End XCConfigurationList section */
	};
	rootObject = 1E2671D72793FD5200EF162A /* Project object */;
}
